Microsoft Visual Studio Solution File, Format Version 12.00
# Visual Studio Version 17
VisualStudioVersion = 17.5.2.0
MinimumVisualStudioVersion = 10.0.40219.1
Project("{FAE04EC0-301F-11D3-BF4B-00C04F79EFBC}") = "API-2", "API-2.csproj", "{1EC459FE-C33F-AA39-FA23-517FEDEB9CB0}"
EndProject
Global
	GlobalSection(SolutionConfigurationPlatforms) = preSolution
		Debug|Any CPU = Debug|Any CPU
		Release|Any CPU = Release|Any CPU
	EndGlobalSection
	GlobalSection(ProjectConfigurationPlatforms) = postSolution
		{1EC459FE-C33F-AA39-FA23-517FEDEB9CB0}.Debug|Any CPU.ActiveCfg = Debug|Any CPU
		{1EC459FE-C33F-AA39-FA23-517FEDEB9CB0}.Debug|Any CPU.Build.0 = Debug|Any CPU
		{1EC459FE-C33F-AA39-FA23-517FEDEB9CB0}.Release|Any CPU.ActiveCfg = Release|Any CPU
		{1EC459FE-C33F-AA39-FA23-517FEDEB9CB0}.Release|Any CPU.Build.0 = Release|Any CPU
	EndGlobalSection
	GlobalSection(SolutionProperties) = preSolution
		HideSolutionNode = FALSE
	EndGlobalSection
	GlobalSection(ExtensibilityGlobals) = postSolution
		SolutionGuid = {F998A8D6-DF28-4198-9E9F-7D4AB0E7A604}
	EndGlobalSection
EndGlobal
